
Microsoft Visual Studio Solution File, Format Version 12.00
# Visual Studio 15
Project("{FAE04EC0-301F-11D3-BF4B-00C04F79EFBC}") = "LocksSearch", "LocksSearch.csproj", "{8FA258BB-6BB2-4BB8-B04F-383A2E55F598}"
EndProject
Global
	GlobalSection(SolutionConfigurationPlatforms) = preSolution
		Debug|Any CPU = Debug|Any CPU
		Release|Any CPU = Release|Any CPU
	EndGlobalSection
	GlobalSection(ProjectConfigurationPlatforms) = postSolution
		{8FA258BB-6BB2-4BB8-B04F-383A2E55F598}.Debug|Any CPU.ActiveCfg = Debug|Any CPU
		{8FA258BB-6BB2-4BB8-B04F-383A2E55F598}.Debug|Any CPU.Build.0 = Debug|Any CPU
		{8FA258BB-6BB2-4BB8-B04F-383A2E55F598}.Release|Any CPU.ActiveCfg = Release|Any CPU
		{8FA258BB-6BB2-4BB8-B04F-383A2E55F598}.Release|Any CPU.Build.0 = Release|Any CPU
	EndGlobalSection
EndGlobal
