Microsoft Visual Studio Solution File, Format Version 12.00
# Visual Studio Version 16
VisualStudioVersion = 16.0.30611.23
MinimumVisualStudioVersion = 10.0.40219.1
Project("{9A19103F-16F7-4668-BE54-9A1E7A4F7556}") = "LocksSearch", "LocksSearch\LocksSearch.csproj", "{8FA258BB-6BB2-4BB8-B04F-383A2E55F598}"
EndProject
Project("{9A19103F-16F7-4668-BE54-9A1E7A4F7556}") = "LocksSearch.UnitTests", "LocksSearch.UnitTests\LocksSearch.UnitTests.csproj", "{2AFBC7CB-A849-416F-BE0E-73A2E25971A5}"
EndProject
Global
	GlobalSection(SolutionConfigurationPlatforms) = preSolution
		Debug|Any CPU = Debug|Any CPU
		Release|Any CPU = Release|Any CPU
	EndGlobalSection
	GlobalSection(ProjectConfigurationPlatforms) = postSolution
		{8FA258BB-6BB2-4BB8-B04F-383A2E55F598}.Debug|Any CPU.ActiveCfg = Debug|Any CPU
		{8FA258BB-6BB2-4BB8-B04F-383A2E55F598}.Debug|Any CPU.Build.0 = Debug|Any CPU
		{8FA258BB-6BB2-4BB8-B04F-383A2E55F598}.Release|Any CPU.ActiveCfg = Release|Any CPU
		{8FA258BB-6BB2-4BB8-B04F-383A2E55F598}.Release|Any CPU.Build.0 = Release|Any CPU
		{2AFBC7CB-A849-416F-BE0E-73A2E25971A5}.Debug|Any CPU.ActiveCfg = Debug|Any CPU
		{2AFBC7CB-A849-416F-BE0E-73A2E25971A5}.Debug|Any CPU.Build.0 = Debug|Any CPU
		{2AFBC7CB-A849-416F-BE0E-73A2E25971A5}.Release|Any CPU.ActiveCfg = Release|Any CPU
		{2AFBC7CB-A849-416F-BE0E-73A2E25971A5}.Release|Any CPU.Build.0 = Release|Any CPU
	EndGlobalSection
	GlobalSection(SolutionProperties) = preSolution
		HideSolutionNode = FALSE
	EndGlobalSection
	GlobalSection(ExtensibilityGlobals) = postSolution
		SolutionGuid = {D5E66EF2-0BA6-4371-9245-A8E043C3CC85}
	EndGlobalSection
EndGlobal
